
Microsoft Visual Studio Solution File, Format Version 12.00
# Visual Studio Version 17
VisualStudioVersion = 17.14.36414.22
MinimumVisualStudioVersion = 10.0.40219.1
Project("{FAE04EC0-301F-11D3-BF4B-00C04F79EFBC}") = "LojaVirtualDev.Entidades", "LojaVirtualDev.Entidades\LojaVirtualDev.Entidades.csproj", "{570BE663-E61A-4202-9151-FC218B779B77}"
EndProject
Project("{FAE04EC0-301F-11D3-BF4B-00C04F79EFBC}") = "LojaVirtualDev.Dados", "LojaVirtualDev.Dados\LojaVirtualDev.Dados.csproj", "{36B06BBD-68EE-473A-A697-289DB04FEE00}"
EndProject
Project("{FAE04EC0-301F-11D3-BF4B-00C04F79EFBC}") = "LojaVirtualDev.Negocio", "LojaVirtualDev.Negocio\LojaVirtualDev.Negocio.csproj", "{311A6E75-163D-44F5-98E1-2F7234C2BA45}"
EndProject
Project("{FAE04EC0-301F-11D3-BF4B-00C04F79EFBC}") = "LojaVirtualDev.API", "LojaVirtualDev.API\LojaVirtualDev.API.csproj", "{CDB2BB85-13D2-4630-B215-8B80F966900C}"
EndProject
Global
	GlobalSection(SolutionConfigurationPlatforms) = preSolution
		Debug|Any CPU = Debug|Any CPU
		Release|Any CPU = Release|Any CPU
	EndGlobalSection
	GlobalSection(ProjectConfigurationPlatforms) = postSolution
		{570BE663-E61A-4202-9151-FC218B779B77}.Debug|Any CPU.ActiveCfg = Debug|Any CPU
		{570BE663-E61A-4202-9151-FC218B779B77}.Debug|Any CPU.Build.0 = Debug|Any CPU
		{570BE663-E61A-4202-9151-FC218B779B77}.Release|Any CPU.ActiveCfg = Release|Any CPU
		{570BE663-E61A-4202-9151-FC218B779B77}.Release|Any CPU.Build.0 = Release|Any CPU
		{36B06BBD-68EE-473A-A697-289DB04FEE00}.Debug|Any CPU.ActiveCfg = Debug|Any CPU
		{36B06BBD-68EE-473A-A697-289DB04FEE00}.Debug|Any CPU.Build.0 = Debug|Any CPU
		{36B06BBD-68EE-473A-A697-289DB04FEE00}.Release|Any CPU.ActiveCfg = Release|Any CPU
		{36B06BBD-68EE-473A-A697-289DB04FEE00}.Release|Any CPU.Build.0 = Release|Any CPU
		{311A6E75-163D-44F5-98E1-2F7234C2BA45}.Debug|Any CPU.ActiveCfg = Debug|Any CPU
		{311A6E75-163D-44F5-98E1-2F7234C2BA45}.Debug|Any CPU.Build.0 = Debug|Any CPU
		{311A6E75-163D-44F5-98E1-2F7234C2BA45}.Release|Any CPU.ActiveCfg = Release|Any CPU
		{311A6E75-163D-44F5-98E1-2F7234C2BA45}.Release|Any CPU.Build.0 = Release|Any CPU
		{CDB2BB85-13D2-4630-B215-8B80F966900C}.Debug|Any CPU.ActiveCfg = Debug|Any CPU
		{CDB2BB85-13D2-4630-B215-8B80F966900C}.Debug|Any CPU.Build.0 = Debug|Any CPU
		{CDB2BB85-13D2-4630-B215-8B80F966900C}.Release|Any CPU.ActiveCfg = Release|Any CPU
		{CDB2BB85-13D2-4630-B215-8B80F966900C}.Release|Any CPU.Build.0 = Release|Any CPU
	EndGlobalSection
	GlobalSection(SolutionProperties) = preSolution
		HideSolutionNode = FALSE
	EndGlobalSection
	GlobalSection(ExtensibilityGlobals) = postSolution
		SolutionGuid = {12805D4D-1B59-441D-9760-A8030CD4BFF1}
	EndGlobalSection
EndGlobal
